
Microsoft Visual Studio Solution File, Format Version 12.00
# Visual Studio Version 16
VisualStudioVersion = 16.0.31019.35
MinimumVisualStudioVersion = 10.0.40219.1
Project("{FAE04EC0-301F-11D3-BF4B-00C04F79EFBC}") = "LineComp", "LineComp\LineComp.csproj", "{1720DE61-A075-4851-B5CE-206AE2C2F7E3}"
EndProject
Global
	GlobalSection(SolutionConfigurationPlatforms) = preSolution
		Debug|Any CPU = Debug|Any CPU
		Release|Any CPU = Release|Any CPU
	EndGlobalSection
	GlobalSection(ProjectConfigurationPlatforms) = postSolution
		{1720DE61-A075-4851-B5CE-206AE2C2F7E3}.Debug|Any CPU.ActiveCfg = Debug|Any CPU
		{1720DE61-A075-4851-B5CE-206AE2C2F7E3}.Debug|Any CPU.Build.0 = Debug|Any CPU
		{1720DE61-A075-4851-B5CE-206AE2C2F7E3}.Release|Any CPU.ActiveCfg = Release|Any CPU
		{1720DE61-A075-4851-B5CE-206AE2C2F7E3}.Release|Any CPU.Build.0 = Release|Any CPU
	EndGlobalSection
	GlobalSection(SolutionProperties) = preSolution
		HideSolutionNode = FALSE
	EndGlobalSection
	GlobalSection(ExtensibilityGlobals) = postSolution
		SolutionGuid = {9ACD6D9E-9A90-4090-849C-B2CDFC67475B}
	EndGlobalSection
EndGlobal
